
Microsoft Visual Studio Solution File, Format Version 11.00
# Visual Studio 2010
Project("{FAE04EC0-301F-11D3-BF4B-00C04F79EFBC}") = "Speech", "Speech.csproj", "{5E526EB7-AD92-45BF-B9E4-6A39B6F642DD}"
EndProject
Global
	GlobalSection(SolutionConfigurationPlatforms) = preSolution
		Debug|Any CPU = Debug|Any CPU
		Release|Any CPU = Release|Any CPU
	EndGlobalSection
	GlobalSection(ProjectConfigurationPlatforms) = postSolution
		{5E526EB7-AD92-45BF-B9E4-6A39B6F642DD}.Debug|Any CPU.ActiveCfg = Debug|Any CPU
		{5E526EB7-AD92-45BF-B9E4-6A39B6F642DD}.Debug|Any CPU.Build.0 = Debug|Any CPU
		{5E526EB7-AD92-45BF-B9E4-6A39B6F642DD}.Release|Any CPU.ActiveCfg = Release|Any CPU
		{5E526EB7-AD92-45BF-B9E4-6A39B6F642DD}.Release|Any CPU.Build.0 = Release|Any CPU
	EndGlobalSection
	GlobalSection(SolutionProperties) = preSolution
		HideSolutionNode = FALSE
	EndGlobalSection
EndGlobal
